
Microsoft Visual Studio Solution File, Format Version 12.00
# Visual Studio 14
VisualStudioVersion = 14.0.25420.1
MinimumVisualStudioVersion = 10.0.40219.1
Project("{FAE04EC0-301F-11D3-BF4B-00C04F79EFBC}") = "Figaro.Droid", "Figaro\Figaro.Droid\Figaro.Droid.csproj", "{7EEAF335-607E-4A72-9E21-D5E0FA4773C8}"
EndProject
Project("{FAE04EC0-301F-11D3-BF4B-00C04F79EFBC}") = "Figaro.iOS", "Figaro\Figaro.iOS\Figaro.iOS.csproj", "{DB96F18A-53C6-4F98-9BF8-82F29A6257AD}"
EndProject
Project("{FAE04EC0-301F-11D3-BF4B-00C04F79EFBC}") = "Figaro", "Figaro\Figaro\Figaro.csproj", "{DD82284B-71AC-4C77-983E-A5D86B740D18}"
EndProject
Project("{FAE04EC0-301F-11D3-BF4B-00C04F79EFBC}") = "WebServicesFigaro", "WebServicesFigaro\WebServicesFigaro.csproj", "{09DFFACE-4C10-49BB-96D0-49AA15E69B68}"
EndProject
Global
	GlobalSection(SolutionConfigurationPlatforms) = preSolution
		Ad-Hoc|Any CPU = Ad-Hoc|Any CPU
		Ad-Hoc|ARM = Ad-Hoc|ARM
		Ad-Hoc|iPhone = Ad-Hoc|iPhone
		Ad-Hoc|iPhoneSimulator = Ad-Hoc|iPhoneSimulator
		Ad-Hoc|x64 = Ad-Hoc|x64
		Ad-Hoc|x86 = Ad-Hoc|x86
		AppStore|Any CPU = AppStore|Any CPU
		AppStore|ARM = AppStore|ARM
		AppStore|iPhone = AppStore|iPhone
		AppStore|iPhoneSimulator = AppStore|iPhoneSimulator
		AppStore|x64 = AppStore|x64
		AppStore|x86 = AppStore|x86
		Debug|Any CPU = Debug|Any CPU
		Debug|ARM = Debug|ARM
		Debug|iPhone = Debug|iPhone
		Debug|iPhoneSimulator = Debug|iPhoneSimulator
		Debug|x64 = Debug|x64
		Debug|x86 = Debug|x86
		Release|Any CPU = Release|Any CPU
		Release|ARM = Release|ARM
		Release|iPhone = Release|iPhone
		Release|iPhoneSimulator = Release|iPhoneSimulator
		Release|x64 = Release|x64
		Release|x86 = Release|x86
	EndGlobalSection
	GlobalSection(ProjectConfigurationPlatforms) = postSolution
		{7EEAF335-607E-4A72-9E21-D5E0FA4773C8}.Ad-Hoc|Any CPU.ActiveCfg = Release|Any CPU
		{7EEAF335-607E-4A72-9E21-D5E0FA4773C8}.Ad-Hoc|Any CPU.Build.0 = Release|Any CPU
		{7EEAF335-607E-4A72-9E21-D5E0FA4773C8}.Ad-Hoc|Any CPU.Deploy.0 = Release|Any CPU
		{7EEAF335-607E-4A72-9E21-D5E0FA4773C8}.Ad-Hoc|ARM.ActiveCfg = Release|Any CPU
		{7EEAF335-607E-4A72-9E21-D5E0FA4773C8}.Ad-Hoc|ARM.Build.0 = Release|Any CPU
		{7EEAF335-607E-4A72-9E21-D5E0FA4773C8}.Ad-Hoc|ARM.Deploy.0 = Release|Any CPU
		{7EEAF335-607E-4A72-9E21-D5E0FA4773C8}.Ad-Hoc|iPhone.ActiveCfg = Release|Any CPU
		{7EEAF335-607E-4A72-9E21-D5E0FA4773C8}.Ad-Hoc|iPhone.Build.0 = Release|Any CPU
		{7EEAF335-607E-4A72-9E21-D5E0FA4773C8}.Ad-Hoc|iPhone.Deploy.0 = Release|Any CPU
		{7EEAF335-607E-4A72-9E21-D5E0FA4773C8}.Ad-Hoc|iPhoneSimulator.ActiveCfg = Release|Any CPU
		{7EEAF335-607E-4A72-9E21-D5E0FA4773C8}.Ad-Hoc|iPhoneSimulator.Build.0 = Release|Any CPU
		{7EEAF335-607E-4A72-9E21-D5E0FA4773C8}.Ad-Hoc|iPhoneSimulator.Deploy.0 = Release|Any CPU
		{7EEAF335-607E-4A72-9E21-D5E0FA4773C8}.Ad-Hoc|x64.ActiveCfg = Release|Any CPU
		{7EEAF335-607E-4A72-9E21-D5E0FA4773C8}.Ad-Hoc|x64.Build.0 = Release|Any CPU
		{7EEAF335-607E-4A72-9E21-D5E0FA4773C8}.Ad-Hoc|x64.Deploy.0 = Release|Any CPU
		{7EEAF335-607E-4A72-9E21-D5E0FA4773C8}.Ad-Hoc|x86.ActiveCfg = Release|Any CPU
		{7EEAF335-607E-4A72-9E21-D5E0FA4773C8}.Ad-Hoc|x86.Build.0 = Release|Any CPU
		{7EEAF335-607E-4A72-9E21-D5E0FA4773C8}.Ad-Hoc|x86.Deploy.0 = Release|Any CPU
		{7EEAF335-607E-4A72-9E21-D5E0FA4773C8}.AppStore|Any CPU.ActiveCfg = Release|Any CPU
		{7EEAF335-607E-4A72-9E21-D5E0FA4773C8}.AppStore|Any CPU.Build.0 = Release|Any CPU
		{7EEAF335-607E-4A72-9E21-D5E0FA4773C8}.AppStore|Any CPU.Deploy.0 = Release|Any CPU
		{7EEAF335-607E-4A72-9E21-D5E0FA4773C8}.AppStore|ARM.ActiveCfg = Release|Any CPU
		{7EEAF335-607E-4A72-9E21-D5E0FA4773C8}.AppStore|ARM.Build.0 = Release|Any CPU
		{7EEAF335-607E-4A72-9E21-D5E0FA4773C8}.AppStore|ARM.Deploy.0 = Release|Any CPU
		{7EEAF335-607E-4A72-9E21-D5E0FA4773C8}.AppStore|iPhone.ActiveCfg = Release|Any CPU
		{7EEAF335-607E-4A72-9E21-D5E0FA4773C8}.AppStore|iPhone.Build.0 = Release|Any CPU
		{7EEAF335-607E-4A72-9E21-D5E0FA4773C8}.AppStore|iPhone.Deploy.0 = Release|Any CPU
		{7EEAF335-607E-4A72-9E21-D5E0FA4773C8}.AppStore|iPhoneSimulator.ActiveCfg = Release|Any CPU
		{7EEAF335-607E-4A72-9E21-D5E0FA4773C8}.AppStore|iPhoneSimulator.Build.0 = Release|Any CPU
		{7EEAF335-607E-4A72-9E21-D5E0FA4773C8}.AppStore|iPhoneSimulator.Deploy.0 = Release|Any CPU
		{7EEAF335-607E-4A72-9E21-D5E0FA4773C8}.AppStore|x64.ActiveCfg = Release|Any CPU
		{7EEAF335-607E-4A72-9E21-D5E0FA4773C8}.AppStore|x64.Build.0 = Release|Any CPU
		{7EEAF335-607E-4A72-9E21-D5E0FA4773C8}.AppStore|x64.Deploy.0 = Release|Any CPU
		{7EEAF335-607E-4A72-9E21-D5E0FA4773C8}.AppStore|x86.ActiveCfg = Release|Any CPU
		{7EEAF335-607E-4A72-9E21-D5E0FA4773C8}.AppStore|x86.Build.0 = Release|Any CPU
		{7EEAF335-607E-4A72-9E21-D5E0FA4773C8}.AppStore|x86.Deploy.0 = Release|Any CPU
		{7EEAF335-607E-4A72-9E21-D5E0FA4773C8}.Debug|Any CPU.ActiveCfg = Debug|Any CPU
		{7EEAF335-607E-4A72-9E21-D5E0FA4773C8}.Debug|Any CPU.Build.0 = Debug|Any CPU
		{7EEAF335-607E-4A72-9E21-D5E0FA4773C8}.Debug|Any CPU.Deploy.0 = Debug|Any CPU
		{7EEAF335-607E-4A72-9E21-D5E0FA4773C8}.Debug|ARM.ActiveCfg = Debug|Any CPU
		{7EEAF335-607E-4A72-9E21-D5E0FA4773C8}.Debug|ARM.Build.0 = Debug|Any CPU
		{7EEAF335-607E-4A72-9E21-D5E0FA4773C8}.Debug|ARM.Deploy.0 = Debug|Any CPU
		{7EEAF335-607E-4A72-9E21-D5E0FA4773C8}.Debug|iPhone.ActiveCfg = Debug|Any CPU
		{7EEAF335-607E-4A72-9E21-D5E0FA4773C8}.Debug|iPhone.Build.0 = Debug|Any CPU
		{7EEAF335-607E-4A72-9E21-D5E0FA4773C8}.Debug|iPhone.Deploy.0 = Debug|Any CPU
		{7EEAF335-607E-4A72-9E21-D5E0FA4773C8}.Debug|iPhoneSimulator.ActiveCfg = Debug|Any CPU
		{7EEAF335-607E-4A72-9E21-D5E0FA4773C8}.Debug|iPhoneSimulator.Build.0 = Debug|Any CPU
		{7EEAF335-607E-4A72-9E21-D5E0FA4773C8}.Debug|iPhoneSimulator.Deploy.0 = Debug|Any CPU
		{7EEAF335-607E-4A72-9E21-D5E0FA4773C8}.Debug|x64.ActiveCfg = Debug|Any CPU
		{7EEAF335-607E-4A72-9E21-D5E0FA4773C8}.Debug|x64.Build.0 = Debug|Any CPU
		{7EEAF335-607E-4A72-9E21-D5E0FA4773C8}.Debug|x64.Deploy.0 = Debug|Any CPU
		{7EEAF335-607E-4A72-9E21-D5E0FA4773C8}.Debug|x86.ActiveCfg = Debug|Any CPU
		{7EEAF335-607E-4A72-9E21-D5E0FA4773C8}.Debug|x86.Build.0 = Debug|Any CPU
		{7EEAF335-607E-4A72-9E21-D5E0FA4773C8}.Debug|x86.Deploy.0 = Debug|Any CPU
		{7EEAF335-607E-4A72-9E21-D5E0FA4773C8}.Release|Any CPU.ActiveCfg = Release|Any CPU
		{7EEAF335-607E-4A72-9E21-D5E0FA4773C8}.Release|Any CPU.Build.0 = Release|Any CPU
		{7EEAF335-607E-4A72-9E21-D5E0FA4773C8}.Release|Any CPU.Deploy.0 = Release|Any CPU
		{7EEAF335-607E-4A72-9E21-D5E0FA4773C8}.Release|ARM.ActiveCfg = Release|Any CPU
		{7EEAF335-607E-4A72-9E21-D5E0FA4773C8}.Release|ARM.Build.0 = Release|Any CPU
		{7EEAF335-607E-4A72-9E21-D5E0FA4773C8}.Release|ARM.Deploy.0 = Release|Any CPU
		{7EEAF335-607E-4A72-9E21-D5E0FA4773C8}.Release|iPhone.ActiveCfg = Release|Any CPU
		{7EEAF335-607E-4A72-9E21-D5E0FA4773C8}.Release|iPhone.Build.0 = Release|Any CPU
		{7EEAF335-607E-4A72-9E21-D5E0FA4773C8}.Release|iPhone.Deploy.0 = Release|Any CPU
		{7EEAF335-607E-4A72-9E21-D5E0FA4773C8}.Release|iPhoneSimulator.ActiveCfg = Release|Any CPU
		{7EEAF335-607E-4A72-9E21-D5E0FA4773C8}.Release|iPhoneSimulator.Build.0 = Release|Any CPU
		{7EEAF335-607E-4A72-9E21-D5E0FA4773C8}.Release|iPhoneSimulator.Deploy.0 = Release|Any CPU
		{7EEAF335-607E-4A72-9E21-D5E0FA4773C8}.Release|x64.ActiveCfg = Release|Any CPU
		{7EEAF335-607E-4A72-9E21-D5E0FA4773C8}.Release|x64.Build.0 = Release|Any CPU
		{7EEAF335-607E-4A72-9E21-D5E0FA4773C8}.Release|x64.Deploy.0 = Release|Any CPU
		{7EEAF335-607E-4A72-9E21-D5E0FA4773C8}.Release|x86.ActiveCfg = Release|Any CPU
		{7EEAF335-607E-4A72-9E21-D5E0FA4773C8}.Release|x86.Build.0 = Release|Any CPU
		{7EEAF335-607E-4A72-9E21-D5E0FA4773C8}.Release|x86.Deploy.0 = Release|Any CPU
		{DB96F18A-53C6-4F98-9BF8-82F29A6257AD}.Ad-Hoc|Any CPU.ActiveCfg = Ad-Hoc|iPhone
		{DB96F18A-53C6-4F98-9BF8-82F29A6257AD}.Ad-Hoc|ARM.ActiveCfg = Ad-Hoc|iPhone
		{DB96F18A-53C6-4F98-9BF8-82F29A6257AD}.Ad-Hoc|iPhone.ActiveCfg = Ad-Hoc|iPhone
		{DB96F18A-53C6-4F98-9BF8-82F29A6257AD}.Ad-Hoc|iPhone.Build.0 = Ad-Hoc|iPhone
		{DB96F18A-53C6-4F98-9BF8-82F29A6257AD}.Ad-Hoc|iPhoneSimulator.ActiveCfg = Ad-Hoc|iPhoneSimulator
		{DB96F18A-53C6-4F98-9BF8-82F29A6257AD}.Ad-Hoc|iPhoneSimulator.Build.0 = Ad-Hoc|iPhoneSimulator
		{DB96F18A-53C6-4F98-9BF8-82F29A6257AD}.Ad-Hoc|x64.ActiveCfg = Ad-Hoc|iPhone
		{DB96F18A-53C6-4F98-9BF8-82F29A6257AD}.Ad-Hoc|x86.ActiveCfg = Ad-Hoc|iPhone
		{DB96F18A-53C6-4F98-9BF8-82F29A6257AD}.AppStore|Any CPU.ActiveCfg = AppStore|iPhone
		{DB96F18A-53C6-4F98-9BF8-82F29A6257AD}.AppStore|ARM.ActiveCfg = AppStore|iPhone
		{DB96F18A-53C6-4F98-9BF8-82F29A6257AD}.AppStore|iPhone.ActiveCfg = AppStore|iPhone
		{DB96F18A-53C6-4F98-9BF8-82F29A6257AD}.AppStore|iPhone.Build.0 = AppStore|iPhone
		{DB96F18A-53C6-4F98-9BF8-82F29A6257AD}.AppStore|iPhoneSimulator.ActiveCfg = AppStore|iPhoneSimulator
		{DB96F18A-53C6-4F98-9BF8-82F29A6257AD}.AppStore|iPhoneSimulator.Build.0 = AppStore|iPhoneSimulator
		{DB96F18A-53C6-4F98-9BF8-82F29A6257AD}.AppStore|x64.ActiveCfg = AppStore|iPhone
		{DB96F18A-53C6-4F98-9BF8-82F29A6257AD}.AppStore|x86.ActiveCfg = AppStore|iPhone
		{DB96F18A-53C6-4F98-9BF8-82F29A6257AD}.Debug|Any CPU.ActiveCfg = Debug|iPhone
		{DB96F18A-53C6-4F98-9BF8-82F29A6257AD}.Debug|ARM.ActiveCfg = Debug|iPhone
		{DB96F18A-53C6-4F98-9BF8-82F29A6257AD}.Debug|iPhone.ActiveCfg = Debug|iPhone
		{DB96F18A-53C6-4F98-9BF8-82F29A6257AD}.Debug|iPhone.Build.0 = Debug|iPhone
		{DB96F18A-53C6-4F98-9BF8-82F29A6257AD}.Debug|iPhoneSimulator.ActiveCfg = Debug|iPhoneSimulator
		{DB96F18A-53C6-4F98-9BF8-82F29A6257AD}.Debug|iPhoneSimulator.Build.0 = Debug|iPhoneSimulator
		{DB96F18A-53C6-4F98-9BF8-82F29A6257AD}.Debug|x64.ActiveCfg = Debug|iPhone
		{DB96F18A-53C6-4F98-9BF8-82F29A6257AD}.Debug|x86.ActiveCfg = Debug|iPhone
		{DB96F18A-53C6-4F98-9BF8-82F29A6257AD}.Release|Any CPU.ActiveCfg = Release|iPhone
		{DB96F18A-53C6-4F98-9BF8-82F29A6257AD}.Release|ARM.ActiveCfg = Release|iPhone
		{DB96F18A-53C6-4F98-9BF8-82F29A6257AD}.Release|iPhone.ActiveCfg = Release|iPhone
		{DB96F18A-53C6-4F98-9BF8-82F29A6257AD}.Release|iPhone.Build.0 = Release|iPhone
		{DB96F18A-53C6-4F98-9BF8-82F29A6257AD}.Release|iPhoneSimulator.ActiveCfg = Release|iPhoneSimulator
		{DB96F18A-53C6-4F98-9BF8-82F29A6257AD}.Release|iPhoneSimulator.Build.0 = Release|iPhoneSimulator
		{DB96F18A-53C6-4F98-9BF8-82F29A6257AD}.Release|x64.ActiveCfg = Release|iPhone
		{DB96F18A-53C6-4F98-9BF8-82F29A6257AD}.Release|x86.ActiveCfg = Release|iPhone
		{DD82284B-71AC-4C77-983E-A5D86B740D18}.Ad-Hoc|Any CPU.ActiveCfg = Release|Any CPU
		{DD82284B-71AC-4C77-983E-A5D86B740D18}.Ad-Hoc|Any CPU.Build.0 = Release|Any CPU
		{DD82284B-71AC-4C77-983E-A5D86B740D18}.Ad-Hoc|ARM.ActiveCfg = Release|Any CPU
		{DD82284B-71AC-4C77-983E-A5D86B740D18}.Ad-Hoc|ARM.Build.0 = Release|Any CPU
		{DD82284B-71AC-4C77-983E-A5D86B740D18}.Ad-Hoc|iPhone.ActiveCfg = Release|Any CPU
		{DD82284B-71AC-4C77-983E-A5D86B740D18}.Ad-Hoc|iPhone.Build.0 = Release|Any CPU
		{DD82284B-71AC-4C77-983E-A5D86B740D18}.Ad-Hoc|iPhoneSimulator.ActiveCfg = Release|Any CPU
		{DD82284B-71AC-4C77-983E-A5D86B740D18}.Ad-Hoc|iPhoneSimulator.Build.0 = Release|Any CPU
		{DD82284B-71AC-4C77-983E-A5D86B740D18}.Ad-Hoc|x64.ActiveCfg = Release|Any CPU
		{DD82284B-71AC-4C77-983E-A5D86B740D18}.Ad-Hoc|x64.Build.0 = Release|Any CPU
		{DD82284B-71AC-4C77-983E-A5D86B740D18}.Ad-Hoc|x86.ActiveCfg = Release|Any CPU
		{DD82284B-71AC-4C77-983E-A5D86B740D18}.Ad-Hoc|x86.Build.0 = Release|Any CPU
		{DD82284B-71AC-4C77-983E-A5D86B740D18}.AppStore|Any CPU.ActiveCfg = Release|Any CPU
		{DD82284B-71AC-4C77-983E-A5D86B740D18}.AppStore|Any CPU.Build.0 = Release|Any CPU
		{DD82284B-71AC-4C77-983E-A5D86B740D18}.AppStore|ARM.ActiveCfg = Release|Any CPU
		{DD82284B-71AC-4C77-983E-A5D86B740D18}.AppStore|ARM.Build.0 = Release|Any CPU
		{DD82284B-71AC-4C77-983E-A5D86B740D18}.AppStore|iPhone.ActiveCfg = Release|Any CPU
		{DD82284B-71AC-4C77-983E-A5D86B740D18}.AppStore|iPhone.Build.0 = Release|Any CPU
		{DD82284B-71AC-4C77-983E-A5D86B740D18}.AppStore|iPhoneSimulator.ActiveCfg = Release|Any CPU
		{DD82284B-71AC-4C77-983E-A5D86B740D18}.AppStore|iPhoneSimulator.Build.0 = Release|Any CPU
		{DD82284B-71AC-4C77-983E-A5D86B740D18}.AppStore|x64.ActiveCfg = Release|Any CPU
		{DD82284B-71AC-4C77-983E-A5D86B740D18}.AppStore|x64.Build.0 = Release|Any CPU
		{DD82284B-71AC-4C77-983E-A5D86B740D18}.AppStore|x86.ActiveCfg = Release|Any CPU
		{DD82284B-71AC-4C77-983E-A5D86B740D18}.AppStore|x86.Build.0 = Release|Any CPU
		{DD82284B-71AC-4C77-983E-A5D86B740D18}.Debug|Any CPU.ActiveCfg = Debug|Any CPU
		{DD82284B-71AC-4C77-983E-A5D86B740D18}.Debug|Any CPU.Build.0 = Debug|Any CPU
		{DD82284B-71AC-4C77-983E-A5D86B740D18}.Debug|ARM.ActiveCfg = Debug|Any CPU
		{DD82284B-71AC-4C77-983E-A5D86B740D18}.Debug|ARM.Build.0 = Debug|Any CPU
		{DD82284B-71AC-4C77-983E-A5D86B740D18}.Debug|iPhone.ActiveCfg = Debug|Any CPU
		{DD82284B-71AC-4C77-983E-A5D86B740D18}.Debug|iPhone.Build.0 = Debug|Any CPU
		{DD82284B-71AC-4C77-983E-A5D86B740D18}.Debug|iPhoneSimulator.ActiveCfg = Debug|Any CPU
		{DD82284B-71AC-4C77-983E-A5D86B740D18}.Debug|iPhoneSimulator.Build.0 = Debug|Any CPU
		{DD82284B-71AC-4C77-983E-A5D86B740D18}.Debug|x64.ActiveCfg = Debug|Any CPU
		{DD82284B-71AC-4C77-983E-A5D86B740D18}.Debug|x64.Build.0 = Debug|Any CPU
		{DD82284B-71AC-4C77-983E-A5D86B740D18}.Debug|x86.ActiveCfg = Debug|Any CPU
		{DD82284B-71AC-4C77-983E-A5D86B740D18}.Debug|x86.Build.0 = Debug|Any CPU
		{DD82284B-71AC-4C77-983E-A5D86B740D18}.Release|Any CPU.ActiveCfg = Release|Any CPU
		{DD82284B-71AC-4C77-983E-A5D86B740D18}.Release|Any CPU.Build.0 = Release|Any CPU
		{DD82284B-71AC-4C77-983E-A5D86B740D18}.Release|ARM.ActiveCfg = Release|Any CPU
		{DD82284B-71AC-4C77-983E-A5D86B740D18}.Release|ARM.Build.0 = Release|Any CPU
		{DD82284B-71AC-4C77-983E-A5D86B740D18}.Release|iPhone.ActiveCfg = Release|Any CPU
		{DD82284B-71AC-4C77-983E-A5D86B740D18}.Release|iPhone.Build.0 = Release|Any CPU
		{DD82284B-71AC-4C77-983E-A5D86B740D18}.Release|iPhoneSimulator.ActiveCfg = Release|Any CPU
		{DD82284B-71AC-4C77-983E-A5D86B740D18}.Release|iPhoneSimulator.Build.0 = Release|Any CPU
		{DD82284B-71AC-4C77-983E-A5D86B740D18}.Release|x64.ActiveCfg = Release|Any CPU
		{DD82284B-71AC-4C77-983E-A5D86B740D18}.Release|x64.Build.0 = Release|Any CPU
		{DD82284B-71AC-4C77-983E-A5D86B740D18}.Release|x86.ActiveCfg = Release|Any CPU
		{DD82284B-71AC-4C77-983E-A5D86B740D18}.Release|x86.Build.0 = Release|Any CPU
		{09DFFACE-4C10-49BB-96D0-49AA15E69B68}.Ad-Hoc|Any CPU.ActiveCfg = Release|Any CPU
		{09DFFACE-4C10-49BB-96D0-49AA15E69B68}.Ad-Hoc|Any CPU.Build.0 = Release|Any CPU
		{09DFFACE-4C10-49BB-96D0-49AA15E69B68}.Ad-Hoc|ARM.ActiveCfg = Release|Any CPU
		{09DFFACE-4C10-49BB-96D0-49AA15E69B68}.Ad-Hoc|ARM.Build.0 = Release|Any CPU
		{09DFFACE-4C10-49BB-96D0-49AA15E69B68}.Ad-Hoc|iPhone.ActiveCfg = Release|Any CPU
		{09DFFACE-4C10-49BB-96D0-49AA15E69B68}.Ad-Hoc|iPhone.Build.0 = Release|Any CPU
		{09DFFACE-4C10-49BB-96D0-49AA15E69B68}.Ad-Hoc|iPhoneSimulator.ActiveCfg = Release|Any CPU
		{09DFFACE-4C10-49BB-96D0-49AA15E69B68}.Ad-Hoc|iPhoneSimulator.Build.0 = Release|Any CPU
		{09DFFACE-4C10-49BB-96D0-49AA15E69B68}.Ad-Hoc|x64.ActiveCfg = Release|Any CPU
		{09DFFACE-4C10-49BB-96D0-49AA15E69B68}.Ad-Hoc|x64.Build.0 = Release|Any CPU
		{09DFFACE-4C10-49BB-96D0-49AA15E69B68}.Ad-Hoc|x86.ActiveCfg = Release|Any CPU
		{09DFFACE-4C10-49BB-96D0-49AA15E69B68}.Ad-Hoc|x86.Build.0 = Release|Any CPU
		{09DFFACE-4C10-49BB-96D0-49AA15E69B68}.AppStore|Any CPU.ActiveCfg = Release|Any CPU
		{09DFFACE-4C10-49BB-96D0-49AA15E69B68}.AppStore|Any CPU.Build.0 = Release|Any CPU
		{09DFFACE-4C10-49BB-96D0-49AA15E69B68}.AppStore|ARM.ActiveCfg = Release|Any CPU
		{09DFFACE-4C10-49BB-96D0-49AA15E69B68}.AppStore|ARM.Build.0 = Release|Any CPU
		{09DFFACE-4C10-49BB-96D0-49AA15E69B68}.AppStore|iPhone.ActiveCfg = Release|Any CPU
		{09DFFACE-4C10-49BB-96D0-49AA15E69B68}.AppStore|iPhone.Build.0 = Release|Any CPU
		{09DFFACE-4C10-49BB-96D0-49AA15E69B68}.AppStore|iPhoneSimulator.ActiveCfg = Release|Any CPU
		{09DFFACE-4C10-49BB-96D0-49AA15E69B68}.AppStore|iPhoneSimulator.Build.0 = Release|Any CPU
		{09DFFACE-4C10-49BB-96D0-49AA15E69B68}.AppStore|x64.ActiveCfg = Release|Any CPU
		{09DFFACE-4C10-49BB-96D0-49AA15E69B68}.AppStore|x64.Build.0 = Release|Any CPU
		{09DFFACE-4C10-49BB-96D0-49AA15E69B68}.AppStore|x86.ActiveCfg = Release|Any CPU
		{09DFFACE-4C10-49BB-96D0-49AA15E69B68}.AppStore|x86.Build.0 = Release|Any CPU
		{09DFFACE-4C10-49BB-96D0-49AA15E69B68}.Debug|Any CPU.ActiveCfg = Debug|Any CPU
		{09DFFACE-4C10-49BB-96D0-49AA15E69B68}.Debug|Any CPU.Build.0 = Debug|Any CPU
		{09DFFACE-4C10-49BB-96D0-49AA15E69B68}.Debug|ARM.ActiveCfg = Debug|Any CPU
		{09DFFACE-4C10-49BB-96D0-49AA15E69B68}.Debug|ARM.Build.0 = Debug|Any CPU
		{09DFFACE-4C10-49BB-96D0-49AA15E69B68}.Debug|iPhone.ActiveCfg = Debug|Any CPU
		{09DFFACE-4C10-49BB-96D0-49AA15E69B68}.Debug|iPhone.Build.0 = Debug|Any CPU
		{09DFFACE-4C10-49BB-96D0-49AA15E69B68}.Debug|iPhoneSimulator.ActiveCfg = Debug|Any CPU
		{09DFFACE-4C10-49BB-96D0-49AA15E69B68}.Debug|iPhoneSimulator.Build.0 = Debug|Any CPU
		{09DFFACE-4C10-49BB-96D0-49AA15E69B68}.Debug|x64.ActiveCfg = Debug|Any CPU
		{09DFFACE-4C10-49BB-96D0-49AA15E69B68}.Debug|x64.Build.0 = Debug|Any CPU
		{09DFFACE-4C10-49BB-96D0-49AA15E69B68}.Debug|x86.ActiveCfg = Debug|Any CPU
		{09DFFACE-4C10-49BB-96D0-49AA15E69B68}.Debug|x86.Build.0 = Debug|Any CPU
		{09DFFACE-4C10-49BB-96D0-49AA15E69B68}.Release|Any CPU.ActiveCfg = Release|Any CPU
		{09DFFACE-4C10-49BB-96D0-49AA15E69B68}.Release|Any CPU.Build.0 = Release|Any CPU
		{09DFFACE-4C10-49BB-96D0-49AA15E69B68}.Release|ARM.ActiveCfg = Release|Any CPU
		{09DFFACE-4C10-49BB-96D0-49AA15E69B68}.Release|ARM.Build.0 = Release|Any CPU
		{09DFFACE-4C10-49BB-96D0-49AA15E69B68}.Release|iPhone.ActiveCfg = Release|Any CPU
		{09DFFACE-4C10-49BB-96D0-49AA15E69B68}.Release|iPhone.Build.0 = Release|Any CPU
		{09DFFACE-4C10-49BB-96D0-49AA15E69B68}.Release|iPhoneSimulator.ActiveCfg = Release|Any CPU
		{09DFFACE-4C10-49BB-96D0-49AA15E69B68}.Release|iPhoneSimulator.Build.0 = Release|Any CPU
		{09DFFACE-4C10-49BB-96D0-49AA15E69B68}.Release|x64.ActiveCfg = Release|Any CPU
		{09DFFACE-4C10-49BB-96D0-49AA15E69B68}.Release|x64.Build.0 = Release|Any CPU
		{09DFFACE-4C10-49BB-96D0-49AA15E69B68}.Release|x86.ActiveCfg = Release|Any CPU
		{09DFFACE-4C10-49BB-96D0-49AA15E69B68}.Release|x86.Build.0 = Release|Any CPU
	EndGlobalSection
	GlobalSection(SolutionProperties) = preSolution
		HideSolutionNode = FALSE
	EndGlobalSection
EndGlobal
